
Microsoft Visual Studio Solution File, Format Version 12.00
# Visual Studio Version 17
VisualStudioVersion = 17.7.34024.191
MinimumVisualStudioVersion = 10.0.40219.1
Project("{FAE04EC0-301F-11D3-BF4B-00C04F79EFBC}") = "SimuladorEmprestimo.API", "SimuladorEmprestimo.API\SimuladorEmprestimo.API.csproj", "{B85614B0-6656-4F1C-8040-E20E3238CE4C}"
EndProject
Global
	GlobalSection(SolutionConfigurationPlatforms) = preSolution
		Debug|Any CPU = Debug|Any CPU
		Release|Any CPU = Release|Any CPU
	EndGlobalSection
	GlobalSection(ProjectConfigurationPlatforms) = postSolution
		{B85614B0-6656-4F1C-8040-E20E3238CE4C}.Debug|Any CPU.ActiveCfg = Debug|Any CPU
		{B85614B0-6656-4F1C-8040-E20E3238CE4C}.Debug|Any CPU.Build.0 = Debug|Any CPU
		{B85614B0-6656-4F1C-8040-E20E3238CE4C}.Release|Any CPU.ActiveCfg = Release|Any CPU
		{B85614B0-6656-4F1C-8040-E20E3238CE4C}.Release|Any CPU.Build.0 = Release|Any CPU
	EndGlobalSection
	GlobalSection(SolutionProperties) = preSolution
		HideSolutionNode = FALSE
	EndGlobalSection
	GlobalSection(ExtensibilityGlobals) = postSolution
		SolutionGuid = {A9C73019-B1C0-469B-8E31-37F602179EAE}
	EndGlobalSection
EndGlobal
